GEM
  remote: https://rubygems.org/
  specs:
    mini_portile2 (2.3.0)
    nokogiri (1.8.5)
      mini_portile2 (~> 2.3.0)
    rexml (3.4.1)
    ruby-progressbar (1.10.0)
    rubyzip (2.4.1)
    selenium-webdriver (4.9.0)
      rexml (~> 3.2, >= 3.2.5)
      rubyzip (>= 1.2.2, < 3.0)
      websocket (~> 1.0)
    websocket (1.2.11)

PLATFORMS
  ruby

DEPENDENCIES
  nokogiri!
  ruby-progressbar!
  selenium-webdriver (>= 3.141.592)!

BUNDLED WITH
   1.17.3
